// !$*UTF8*$!
{
	archiveVersion = 1;
	classes = {
	};
	objectVersion = 50;
	objects = {

/* Begin PBXBuildFile section */
		3F2A44E53E859734E032E26D /* libPods-TestRAC+NSNotification.a in Frameworks */ = {isa = PBXBuildFile; fileRef = 0D2BC8A864BD30D06FBC2B46 /* libPods-TestRAC+NSNotification.a */; };
		5A528F47214131950095208F /* AppDelegate.m in Sources */ = {isa = PBXBuildFile; fileRef = 5A528F46214131950095208F /* AppDelegate.m */; };
		5A528F4D214131950095208F /* Main.storyboard in Resources */ = {isa = PBXBuildFile; fileRef = 5A528F4B214131950095208F /* Main.storyboard */; };
		5A528F4F214131960095208F /* Assets.xcassets in Resources */ = {isa = PBXBuildFile; fileRef = 5A528F4E214131960095208F /* Assets.xcassets */; };
		5A528F52214131960095208F /* LaunchScreen.storyboard in Resources */ = {isa = PBXBuildFile; fileRef = 5A528F50214131960095208F /* LaunchScreen.storyboard */; };
		5A528F55214131960095208F /* main.m in Sources */ = {isa = PBXBuildFile; fileRef = 5A528F54214131960095208F /* main.m */; };
		5A528F5F214131960095208F /* TestRAC_NSNotificationTests.m in Sources */ = {isa = PBXBuildFile; fileRef = 5A528F5E214131960095208F /* TestRAC_NSNotificationTests.m */; };
		5A528F6A214131960095208F /* TestRAC_NSNotificationUITests.m in Sources */ = {isa = PBXBuildFile; fileRef = 5A528F69214131960095208F /* TestRAC_NSNotificationUITests.m */; };
		5A528F79214133D50095208F /* A.m in Sources */ = {isa = PBXBuildFile; fileRef = 5A528F78214133D50095208F /* A.m */; };
		5A528F7C214134010095208F /* B.m in Sources */ = {isa = PBXBuildFile; fileRef = 5A528F7B214134010095208F /* B.m */; };
		5A528F7F2141358F0095208F /* C.m in Sources */ = {isa = PBXBuildFile; fileRef = 5A528F7E2141358F0095208F /* C.m */; };
		5A528F8221413A980095208F /* D.m in Sources */ = {isa = PBXBuildFile; fileRef = 5A528F8121413A980095208F /* D.m */; };
/* End PBXBuildFile section */

/* Begin PBXContainerItemProxy section */
		5A528F5B214131960095208F /* PBXContainerItemProxy */ = {
			isa = PBXContainerItemProxy;
			containerPortal = 5A528F3A214131950095208F /* Project object */;
			proxyType = 1;
			remoteGlobalIDString = 5A528F41214131950095208F;
			remoteInfo = "TestRAC+NSNotification";
		};
		5A528F66214131960095208F /* PBXContainerItemProxy */ = {
			isa = PBXContainerItemProxy;
			containerPortal = 5A528F3A214131950095208F /* Project object */;
			proxyType = 1;
			remoteGlobalIDString = 5A528F41214131950095208F;
			remoteInfo = "TestRAC+NSNotification";
		};
/* End PBXContainerItemProxy section */

/* Begin PBXFileReference section */
		0D2BC8A864BD30D06FBC2B46 /* libPods-TestRAC+NSNotification.a */ = {isa = PBXFileReference; explicitFileType = archive.ar; includeInIndex = 0; path = "libPods-TestRAC+NSNotification.a"; sourceTree = BUILT_PRODUCTS_DIR; };
		4B7B760B95324DB917A8CD34 /* libPods-TestRAC+NSNotificationTests.a */ = {isa = PBXFileReference; explicitFileType = archive.ar; includeInIndex = 0; path = "libPods-TestRAC+NSNotificationTests.a"; sourceTree = BUILT_PRODUCTS_DIR; };
		5A528F42214131950095208F /* TestRAC+NSNotification.app */ = {isa = PBXFileReference; explicitFileType = wrapper.application; includeInIndex = 0; path = "TestRAC+NSNotification.app"; sourceTree = BUILT_PRODUCTS_DIR; };
		5A528F45214131950095208F /* AppDelegate.h */ = {isa = PBXFileReference; lastKnownFileType = sourcecode.c.h; path = AppDelegate.h; sourceTree = "<group>"; };
		5A528F46214131950095208F /* AppDelegate.m */ = {isa = PBXFileReference; lastKnownFileType = sourcecode.c.objc; path = AppDelegate.m; sourceTree = "<group>"; };
		5A528F4C214131950095208F /* Base */ = {isa = PBXFileReference; lastKnownFileType = file.storyboard; name = Base; path = Base.lproj/Main.storyboard; sourceTree = "<group>"; };
		5A528F4E214131960095208F /* Assets.xcassets */ = {isa = PBXFileReference; lastKnownFileType = folder.assetcatalog; path = Assets.xcassets; sourceTree = "<group>"; };
		5A528F51214131960095208F /* Base */ = {isa = PBXFileReference; lastKnownFileType = file.storyboard; name = Base; path = Base.lproj/LaunchScreen.storyboard; sourceTree = "<group>"; };
		5A528F53214131960095208F /* Info.plist */ = {isa = PBXFileReference; lastKnownFileType = text.plist.xml; path = Info.plist; sourceTree = "<group>"; };
		5A528F54214131960095208F /* main.m */ = {isa = PBXFileReference; lastKnownFileType = sourcecode.c.objc; path = main.m; sourceTree = "<group>"; };
		5A528F5A214131960095208F /* TestRAC+NSNotificationTests.xctest */ = {isa = PBXFileReference; explicitFileType = wrapper.cfbundle; includeInIndex = 0; path = "TestRAC+NSNotificationTests.xctest"; sourceTree = BUILT_PRODUCTS_DIR; };
		5A528F5E214131960095208F /* TestRAC_NSNotificationTests.m */ = {isa = PBXFileReference; lastKnownFileType = sourcecode.c.objc; path = TestRAC_NSNotificationTests.m; sourceTree = "<group>"; };
		5A528F60214131960095208F /* Info.plist */ = {isa = PBXFileReference; lastKnownFileType = text.plist.xml; path = Info.plist; sourceTree = "<group>"; };
		5A528F65214131960095208F /* TestRAC+NSNotificationUITests.xctest */ = {isa = PBXFileReference; explicitFileType = wrapper.cfbundle; includeInIndex = 0; path = "TestRAC+NSNotificationUITests.xctest"; sourceTree = BUILT_PRODUCTS_DIR; };
		5A528F69214131960095208F /* TestRAC_NSNotificationUITests.m */ = {isa = PBXFileReference; lastKnownFileType = sourcecode.c.objc; path = TestRAC_NSNotificationUITests.m; sourceTree = "<group>"; };
		5A528F6B214131960095208F /* Info.plist */ = {isa = PBXFileReference; lastKnownFileType = text.plist.xml; path = Info.plist; sourceTree = "<group>"; };
		5A528F77214133D50095208F /* A.h */ = {isa = PBXFileReference; lastKnownFileType = sourcecode.c.h; path = A.h; sourceTree = "<group>"; };
		5A528F78214133D50095208F /* A.m */ = {isa = PBXFileReference; lastKnownFileType = sourcecode.c.objc; path = A.m; sourceTree = "<group>"; };
		5A528F7A214134010095208F /* B.h */ = {isa = PBXFileReference; lastKnownFileType = sourcecode.c.h; path = B.h; sourceTree = "<group>"; };
		5A528F7B214134010095208F /* B.m */ = {isa = PBXFileReference; lastKnownFileType = sourcecode.c.objc; path = B.m; sourceTree = "<group>"; };
		5A528F7D2141358F0095208F /* C.h */ = {isa = PBXFileReference; lastKnownFileType = sourcecode.c.h; path = C.h; sourceTree = "<group>"; };
		5A528F7E2141358F0095208F /* C.m */ = {isa = PBXFileReference; lastKnownFileType = sourcecode.c.objc; path = C.m; sourceTree = "<group>"; };
		5A528F8021413A980095208F /* D.h */ = {isa = PBXFileReference; lastKnownFileType = sourcecode.c.h; path = D.h; sourceTree = "<group>"; };
		5A528F8121413A980095208F /* D.m */ = {isa = PBXFileReference; lastKnownFileType = sourcecode.c.objc; path = D.m; sourceTree = "<group>"; };
		62969A0F63C3B912527B6E87 /* Pods-TestRAC+NSNotification.debug.xcconfig */ = {isa = PBXFileReference; includeInIndex = 1; lastKnownFileType = text.xcconfig; name = "Pods-TestRAC+NSNotification.debug.xcconfig"; path = "Pods/Target Support Files/Pods-TestRAC+NSNotification/Pods-TestRAC+NSNotification.debug.xcconfig"; sourceTree = "<group>"; };
		D04EC8791876C07334A4E530 /* Pods-TestRAC+NSNotification.release.xcconfig */ = {isa = PBXFileReference; includeInIndex = 1; lastKnownFileType = text.xcconfig; name = "Pods-TestRAC+NSNotification.release.xcconfig"; path = "Pods/Target Support Files/Pods-TestRAC+NSNotification/Pods-TestRAC+NSNotification.release.xcconfig"; sourceTree = "<group>"; };
/* End PBXFileReference section */

/* Begin PBXFrameworksBuildPhase section */
		5A528F3F214131950095208F /* Frameworks */ = {
			isa = PBXFrameworksBuildPhase;
			buildActionMask = 2147483647;
			files = (
				3F2A44E53E859734E032E26D /* libPods-TestRAC+NSNotification.a in Frameworks */,
			);
			runOnlyForDeploymentPostprocessing = 0;
		};
		5A528F57214131960095208F /* Frameworks */ = {
			isa = PBXFrameworksBuildPhase;
			buildActionMask = 2147483647;
			files = (
			);
			runOnlyForDeploymentPostprocessing = 0;
		};
		5A528F62214131960095208F /* Frameworks */ = {
			isa = PBXFrameworksBuildPhase;
			buildActionMask = 2147483647;
			files = (
			);
			runOnlyForDeploymentPostprocessing = 0;
		};
/* End PBXFrameworksBuildPhase section */

/* Begin PBXGroup section */
		546CD47107A702D1E02B0F29 /* Pods */ = {
			isa = PBXGroup;
			children = (
				62969A0F63C3B912527B6E87 /* Pods-TestRAC+NSNotification.debug.xcconfig */,
				D04EC8791876C07334A4E530 /* Pods-TestRAC+NSNotification.release.xcconfig */,
			);
			name = Pods;
			sourceTree = "<group>";
		};
		5A528F39214131950095208F = {
			isa = PBXGroup;
			children = (
				5A528F44214131950095208F /* TestRAC+NSNotification */,
				5A528F5D214131960095208F /* TestRAC+NSNotificationTests */,
				5A528F68214131960095208F /* TestRAC+NSNotificationUITests */,
				5A528F43214131950095208F /* Products */,
				546CD47107A702D1E02B0F29 /* Pods */,
				8EE2558C5F01EA6D118B1C21 /* Frameworks */,
			);
			sourceTree = "<group>";
		};
		5A528F43214131950095208F /* Products */ = {
			isa = PBXGroup;
			children = (
				5A528F42214131950095208F /* TestRAC+NSNotification.app */,
				5A528F5A214131960095208F /* TestRAC+NSNotificationTests.xctest */,
				5A528F65214131960095208F /* TestRAC+NSNotificationUITests.xctest */,
			);
			name = Products;
			sourceTree = "<group>";
		};
		5A528F44214131950095208F /* TestRAC+NSNotification */ = {
			isa = PBXGroup;
			children = (
				5A528F45214131950095208F /* AppDelegate.h */,
				5A528F46214131950095208F /* AppDelegate.m */,
				5A528F77214133D50095208F /* A.h */,
				5A528F78214133D50095208F /* A.m */,
				5A528F7A214134010095208F /* B.h */,
				5A528F7B214134010095208F /* B.m */,
				5A528F7D2141358F0095208F /* C.h */,
				5A528F7E2141358F0095208F /* C.m */,
				5A528F8021413A980095208F /* D.h */,
				5A528F8121413A980095208F /* D.m */,
				5A528F4B214131950095208F /* Main.storyboard */,
				5A528F4E214131960095208F /* Assets.xcassets */,
				5A528F50214131960095208F /* LaunchScreen.storyboard */,
				5A528F53214131960095208F /* Info.plist */,
				5A528F54214131960095208F /* main.m */,
			);
			path = "TestRAC+NSNotification";
			sourceTree = "<group>";
		};
		5A528F5D214131960095208F /* TestRAC+NSNotificationTests */ = {
			isa = PBXGroup;
			children = (
				5A528F5E214131960095208F /* TestRAC_NSNotificationTests.m */,
				5A528F60214131960095208F /* Info.plist */,
			);
			path = "TestRAC+NSNotificationTests";
			sourceTree = "<group>";
		};
		5A528F68214131960095208F /* TestRAC+NSNotificationUITests */ = {
			isa = PBXGroup;
			children = (
				5A528F69214131960095208F /* TestRAC_NSNotificationUITests.m */,
				5A528F6B214131960095208F /* Info.plist */,
			);
			path = "TestRAC+NSNotificationUITests";
			sourceTree = "<group>";
		};
		8EE2558C5F01EA6D118B1C21 /* Frameworks */ = {
			isa = PBXGroup;
			children = (
				4B7B760B95324DB917A8CD34 /* libPods-TestRAC+NSNotificationTests.a */,
				0D2BC8A864BD30D06FBC2B46 /* libPods-TestRAC+NSNotification.a */,
			);
			name = Frameworks;
			sourceTree = "<group>";
		};
/* End PBXGroup section */

/* Begin PBXNativeTarget section */
		5A528F41214131950095208F /* TestRAC+NSNotification */ = {
			isa = PBXNativeTarget;
			buildConfigurationList = 5A528F6E214131960095208F /* Build configuration list for PBXNativeTarget "TestRAC+NSNotification" */;
			buildPhases = (
				123D7DA06B998D4DEC74B174 /* [CP] Check Pods Manifest.lock */,
				5A528F3E214131950095208F /* Sources */,
				5A528F3F214131950095208F /* Frameworks */,
				5A528F40214131950095208F /* Resources */,
			);
			buildRules = (
			);
			dependencies = (
			);
			name = "TestRAC+NSNotification";
			productName = "TestRAC+NSNotification";
			productReference = 5A528F42214131950095208F /* TestRAC+NSNotification.app */;
			productType = "com.apple.product-type.application";
		};
		5A528F59214131960095208F /* TestRAC+NSNotificationTests */ = {
			isa = PBXNativeTarget;
			buildConfigurationList = 5A528F71214131960095208F /* Build configuration list for PBXNativeTarget "TestRAC+NSNotificationTests" */;
			buildPhases = (
				5A528F56214131960095208F /* Sources */,
				5A528F57214131960095208F /* Frameworks */,
				5A528F58214131960095208F /* Resources */,
			);
			buildRules = (
			);
			dependencies = (
				5A528F5C214131960095208F /* PBXTargetDependency */,
			);
			name = "TestRAC+NSNotificationTests";
			productName = "TestRAC+NSNotificationTests";
			productReference = 5A528F5A214131960095208F /* TestRAC+NSNotificationTests.xctest */;
			productType = "com.apple.product-type.bundle.unit-test";
		};
		5A528F64214131960095208F /* TestRAC+NSNotificationUITests */ = {
			isa = PBXNativeTarget;
			buildConfigurationList = 5A528F74214131960095208F /* Build configuration list for PBXNativeTarget "TestRAC+NSNotificationUITests" */;
			buildPhases = (
				5A528F61214131960095208F /* Sources */,
				5A528F62214131960095208F /* Frameworks */,
				5A528F63214131960095208F /* Resources */,
			);
			buildRules = (
			);
			dependencies = (
				5A528F67214131960095208F /* PBXTargetDependency */,
			);
			name = "TestRAC+NSNotificationUITests";
			productName = "TestRAC+NSNotificationUITests";
			productReference = 5A528F65214131960095208F /* TestRAC+NSNotificationUITests.xctest */;
			productType = "com.apple.product-type.bundle.ui-testing";
		};
/* End PBXNativeTarget section */

/* Begin PBXProject section */
		5A528F3A214131950095208F /* Project object */ = {
			isa = PBXProject;
			attributes = {
				LastUpgradeCheck = 0940;
				ORGANIZATIONNAME = ys;
				TargetAttributes = {
					5A528F41214131950095208F = {
						CreatedOnToolsVersion = 9.4.1;
					};
					5A528F59214131960095208F = {
						CreatedOnToolsVersion = 9.4.1;
						TestTargetID = 5A528F41214131950095208F;
					};
					5A528F64214131960095208F = {
						CreatedOnToolsVersion = 9.4.1;
						TestTargetID = 5A528F41214131950095208F;
					};
				};
			};
			buildConfigurationList = 5A528F3D214131950095208F /* Build configuration list for PBXProject "TestRAC+NSNotification" */;
			compatibilityVersion = "Xcode 9.3";
			developmentRegion = en;
			hasScannedForEncodings = 0;
			knownRegions = (
				en,
				Base,
			);
			mainGroup = 5A528F39214131950095208F;
			productRefGroup = 5A528F43214131950095208F /* Products */;
			projectDirPath = "";
			projectRoot = "";
			targets = (
				5A528F41214131950095208F /* TestRAC+NSNotification */,
				5A528F59214131960095208F /* TestRAC+NSNotificationTests */,
				5A528F64214131960095208F /* TestRAC+NSNotificationUITests */,
			);
		};
/* End PBXProject section */

/* Begin PBXResourcesBuildPhase section */
		5A528F40214131950095208F /* Resources */ = {
			isa = PBXResourcesBuildPhase;
			buildActionMask = 2147483647;
			files = (
				5A528F52214131960095208F /* LaunchScreen.storyboard in Resources */,
				5A528F4F214131960095208F /* Assets.xcassets in Resources */,
				5A528F4D214131950095208F /* Main.storyboard in Resources */,
			);
			runOnlyForDeploymentPostprocessing = 0;
		};
		5A528F58214131960095208F /* Resources */ = {
			isa = PBXResourcesBuildPhase;
			buildActionMask = 2147483647;
			files = (
			);
			runOnlyForDeploymentPostprocessing = 0;
		};
		5A528F63214131960095208F /* Resources */ = {
			isa = PBXResourcesBuildPhase;
			buildActionMask = 2147483647;
			files = (
			);
			runOnlyForDeploymentPostprocessing = 0;
		};
/* End PBXResourcesBuildPhase section */

/* Begin PBXShellScriptBuildPhase section */
		123D7DA06B998D4DEC74B174 /* [CP] Check Pods Manifest.lock */ = {
			isa = PBXShellScriptBuildPhase;
			buildActionMask = 2147483647;
			files = (
			);
			inputPaths = (
				"${PODS_PODFILE_DIR_PATH}/Podfile.lock",
				"${PODS_ROOT}/Manifest.lock",
			);
			name = "[CP] Check Pods Manifest.lock";
			outputPaths = (
				"$(DERIVED_FILE_DIR)/Pods-TestRAC+NSNotification-checkManifestLockResult.txt",
			);
			runOnlyForDeploymentPostprocessing = 0;
			shellPath = /bin/sh;
			shellScript = "diff \"${PODS_PODFILE_DIR_PATH}/Podfile.lock\" \"${PODS_ROOT}/Manifest.lock\" > /dev/null\nif [ $? != 0 ] ; then\n    # print error to STDERR\n    echo \"error: The sandbox is not in sync with the Podfile.lock. Run 'pod install' or update your CocoaPods installation.\" >&2\n    exit 1\nfi\n# This output is used by Xcode 'outputs' to avoid re-running this script phase.\necho \"SUCCESS\" > \"${SCRIPT_OUTPUT_FILE_0}\"\n";
			showEnvVarsInLog = 0;
		};
/* End PBXShellScriptBuildPhase section */

/* Begin PBXSourcesBuildPhase section */
		5A528F3E214131950095208F /* Sources */ = {
			isa = PBXSourcesBuildPhase;
			buildActionMask = 2147483647;
			files = (
				5A528F8221413A980095208F /* D.m in Sources */,
				5A528F7C214134010095208F /* B.m in Sources */,
				5A528F55214131960095208F /* main.m in Sources */,
				5A528F7F2141358F0095208F /* C.m in Sources */,
				5A528F47214131950095208F /* AppDelegate.m in Sources */,
				5A528F79214133D50095208F /* A.m in Sources */,
			);
			runOnlyForDeploymentPostprocessing = 0;
		};
		5A528F56214131960095208F /* Sources */ = {
			isa = PBXSourcesBuildPhase;
			buildActionMask = 2147483647;
			files = (
				5A528F5F214131960095208F /* TestRAC_NSNotificationTests.m in Sources */,
			);
			runOnlyForDeploymentPostprocessing = 0;
		};
		5A528F61214131960095208F /* Sources */ = {
			isa = PBXSourcesBuildPhase;
			buildActionMask = 2147483647;
			files = (
				5A528F6A214131960095208F /* TestRAC_NSNotificationUITests.m in Sources */,
			);
			runOnlyForDeploymentPostprocessing = 0;
		};
/* End PBXSourcesBuildPhase section */

/* Begin PBXTargetDependency section */
		5A528F5C214131960095208F /* PBXTargetDependency */ = {
			isa = PBXTargetDependency;
			target = 5A528F41214131950095208F /* TestRAC+NSNotification */;
			targetProxy = 5A528F5B214131960095208F /* PBXContainerItemProxy */;
		};
		5A528F67214131960095208F /* PBXTargetDependency */ = {
			isa = PBXTargetDependency;
			target = 5A528F41214131950095208F /* TestRAC+NSNotification */;
			targetProxy = 5A528F66214131960095208F /* PBXContainerItemProxy */;
		};
/* End PBXTargetDependency section */

/* Begin PBXVariantGroup section */
		5A528F4B214131950095208F /* Main.storyboard */ = {
			isa = PBXVariantGroup;
			children = (
				5A528F4C214131950095208F /* Base */,
			);
			name = Main.storyboard;
			sourceTree = "<group>";
		};
		5A528F50214131960095208F /* LaunchScreen.storyboard */ = {
			isa = PBXVariantGroup;
			children = (
				5A528F51214131960095208F /* Base */,
			);
			name = LaunchScreen.storyboard;
			sourceTree = "<group>";
		};
/* End PBXVariantGroup section */

/* Begin XCBuildConfiguration section */
		5A528F6C214131960095208F /* Debug */ = {
			isa = XCBuildConfiguration;
			buildSettings = {
				ALWAYS_SEARCH_USER_PATHS = NO;
				CLANG_ANALYZER_NONNULL = YES;
				CLANG_ANALYZER_NUMBER_OBJECT_CONVERSION = YES_AGGRESSIVE;
				CLANG_CXX_LANGUAGE_STANDARD = "gnu++14";
				CLANG_CXX_LIBRARY = "libc++";
				CLANG_ENABLE_MODULES = YES;
				CLANG_ENABLE_OBJC_ARC = YES;
				CLANG_ENABLE_OBJC_WEAK = YES;
				CLANG_WARN_BLOCK_CAPTURE_AUTORELEASING = YES;
				CLANG_WARN_BOOL_CONVERSION = YES;
				CLANG_WARN_COMMA = YES;
				CLANG_WARN_CONSTANT_CONVERSION = YES;
				CLANG_WARN_DEPRECATED_OBJC_IMPLEMENTATIONS = YES;
				CLANG_WARN_DIRECT_OBJC_ISA_USAGE = YES_ERROR;
				CLANG_WARN_DOCUMENTATION_COMMENTS = YES;
				CLANG_WARN_EMPTY_BODY = YES;
				CLANG_WARN_ENUM_CONVERSION = YES;
				CLANG_WARN_INFINITE_RECURSION = YES;
				CLANG_WARN_INT_CONVERSION = YES;
				CLANG_WARN_NON_LITERAL_NULL_CONVERSION = YES;
				CLANG_WARN_OBJC_IMPLICIT_RETAIN_SELF = YES;
				CLANG_WARN_OBJC_LITERAL_CONVERSION = YES;
				CLANG_WARN_OBJC_ROOT_CLASS = YES_ERROR;
				CLANG_WARN_RANGE_LOOP_ANALYSIS = YES;
				CLANG_WARN_STRICT_PROTOTYPES = YES;
				CLANG_WARN_SUSPICIOUS_MOVE = YES;
				CLANG_WARN_UNGUARDED_AVAILABILITY = YES_AGGRESSIVE;
				CLANG_WARN_UNREACHABLE_CODE = YES;
				CLANG_WARN__DUPLICATE_METHOD_MATCH = YES;
				CODE_SIGN_IDENTITY = "iPhone Developer";
				COPY_PHASE_STRIP = NO;
				DEBUG_INFORMATION_FORMAT = dwarf;
				ENABLE_STRICT_OBJC_MSGSEND = YES;
				ENABLE_TESTABILITY = YES;
				GCC_C_LANGUAGE_STANDARD = gnu11;
				GCC_DYNAMIC_NO_PIC = NO;
				GCC_NO_COMMON_BLOCKS = YES;
				GCC_OPTIMIZATION_LEVEL = 0;
				GCC_PREPROCESSOR_DEFINITIONS = (
					"DEBUG=1",
					"$(inherited)",
				);
				GCC_WARN_64_TO_32_BIT_CONVERSION = YES;
				GCC_WARN_ABOUT_RETURN_TYPE = YES_ERROR;
				GCC_WARN_UNDECLARED_SELECTOR = YES;
				GCC_WARN_UNINITIALIZED_AUTOS = YES_AGGRESSIVE;
				GCC_WARN_UNUSED_FUNCTION = YES;
				GCC_WARN_UNUSED_VARIABLE = YES;
				IPHONEOS_DEPLOYMENT_TARGET = 11.4;
				MTL_ENABLE_DEBUG_INFO = YES;
				ONLY_ACTIVE_ARCH = YES;
				SDKROOT = iphoneos;
			};
			name = Debug;
		};
		5A528F6D214131960095208F /* Release */ = {
			isa = XCBuildConfiguration;
			buildSettings = {
				ALWAYS_SEARCH_USER_PATHS = NO;
				CLANG_ANALYZER_NONNULL = YES;
				CLANG_ANALYZER_NUMBER_OBJECT_CONVERSION = YES_AGGRESSIVE;
				CLANG_CXX_LANGUAGE_STANDARD = "gnu++14";
				CLANG_CXX_LIBRARY = "libc++";
				CLANG_ENABLE_MODULES = YES;
				CLANG_ENABLE_OBJC_ARC = YES;
				CLANG_ENABLE_OBJC_WEAK = YES;
				CLANG_WARN_BLOCK_CAPTURE_AUTORELEASING = YES;
				CLANG_WARN_BOOL_CONVERSION = YES;
				CLANG_WARN_COMMA = YES;
				CLANG_WARN_CONSTANT_CONVERSION = YES;
				CLANG_WARN_DEPRECATED_OBJC_IMPLEMENTATIONS = YES;
				CLANG_WARN_DIRECT_OBJC_ISA_USAGE = YES_ERROR;
				CLANG_WARN_DOCUMENTATION_COMMENTS = YES;
				CLANG_WARN_EMPTY_BODY = YES;
				CLANG_WARN_ENUM_CONVERSION = YES;
				CLANG_WARN_INFINITE_RECURSION = YES;
				CLANG_WARN_INT_CONVERSION = YES;
				CLANG_WARN_NON_LITERAL_NULL_CONVERSION = YES;
				CLANG_WARN_OBJC_IMPLICIT_RETAIN_SELF = YES;
				CLANG_WARN_OBJC_LITERAL_CONVERSION = YES;
				CLANG_WARN_OBJC_ROOT_CLASS = YES_ERROR;
				CLANG_WARN_RANGE_LOOP_ANALYSIS = YES;
				CLANG_WARN_STRICT_PROTOTYPES = YES;
				CLANG_WARN_SUSPICIOUS_MOVE = YES;
				CLANG_WARN_UNGUARDED_AVAILABILITY = YES_AGGRESSIVE;
				CLANG_WARN_UNREACHABLE_CODE = YES;
				CLANG_WARN__DUPLICATE_METHOD_MATCH = YES;
				CODE_SIGN_IDENTITY = "iPhone Developer";
				COPY_PHASE_STRIP = NO;
				DEBUG_INFORMATION_FORMAT = "dwarf-with-dsym";
				ENABLE_NS_ASSERTIONS = NO;
				ENABLE_STRICT_OBJC_MSGSEND = YES;
				GCC_C_LANGUAGE_STANDARD = gnu11;
				GCC_NO_COMMON_BLOCKS = YES;
				GCC_WARN_64_TO_32_BIT_CONVERSION = YES;
				GCC_WARN_ABOUT_RETURN_TYPE = YES_ERROR;
				GCC_WARN_UNDECLARED_SELECTOR = YES;
				GCC_WARN_UNINITIALIZED_AUTOS = YES_AGGRESSIVE;
				GCC_WARN_UNUSED_FUNCTION = YES;
				GCC_WARN_UNUSED_VARIABLE = YES;
				IPHONEOS_DEPLOYMENT_TARGET = 11.4;
				MTL_ENABLE_DEBUG_INFO = NO;
				SDKROOT = iphoneos;
				VALIDATE_PRODUCT = YES;
			};
			name = Release;
		};
		5A528F6F214131960095208F /* Debug */ = {
			isa = XCBuildConfiguration;
			baseConfigurationReference = 62969A0F63C3B912527B6E87 /* Pods-TestRAC+NSNotification.debug.xcconfig */;
			buildSettings = {
				ASSETCATALOG_COMPILER_APPICON_NAME = AppIcon;
				CODE_SIGN_STYLE = Automatic;
				INFOPLIST_FILE = "TestRAC+NSNotification/Info.plist";
				LD_RUNPATH_SEARCH_PATHS = (
					"$(inherited)",
					"@executable_path/Frameworks",
				);
				PRODUCT_BUNDLE_IDENTIFIER = "ys.TestRAC-NSNotification";
				PRODUCT_NAME = "$(TARGET_NAME)";
				TARGETED_DEVICE_FAMILY = "1,2";
			};
			name = Debug;
		};
		5A528F70214131960095208F /* Release */ = {
			isa = XCBuildConfiguration;
			baseConfigurationReference = D04EC8791876C07334A4E530 /* Pods-TestRAC+NSNotification.release.xcconfig */;
			buildSettings = {
				ASSETCATALOG_COMPILER_APPICON_NAME = AppIcon;
				CODE_SIGN_STYLE = Automatic;
				INFOPLIST_FILE = "TestRAC+NSNotification/Info.plist";
				LD_RUNPATH_SEARCH_PATHS = (
					"$(inherited)",
					"@executable_path/Frameworks",
				);
				PRODUCT_BUNDLE_IDENTIFIER = "ys.TestRAC-NSNotification";
				PRODUCT_NAME = "$(TARGET_NAME)";
				TARGETED_DEVICE_FAMILY = "1,2";
			};
			name = Release;
		};
		5A528F72214131960095208F /* Debug */ = {
			isa = XCBuildConfiguration;
			buildSettings = {
				BUNDLE_LOADER = "$(TEST_HOST)";
				CODE_SIGN_STYLE = Automatic;
				INFOPLIST_FILE = "TestRAC+NSNotificationTests/Info.plist";
				LD_RUNPATH_SEARCH_PATHS = (
					"$(inherited)",
					"@executable_path/Frameworks",
					"@loader_path/Frameworks",
				);
				PRODUCT_BUNDLE_IDENTIFIER = "ys.TestRAC-NSNotificationTests";
				PRODUCT_NAME = "$(TARGET_NAME)";
				TARGETED_DEVICE_FAMILY = "1,2";
				TEST_HOST = "$(BUILT_PRODUCTS_DIR)/TestRAC+NSNotification.app/TestRAC+NSNotification";
			};
			name = Debug;
		};
		5A528F73214131960095208F /* Release */ = {
			isa = XCBuildConfiguration;
			buildSettings = {
				BUNDLE_LOADER = "$(TEST_HOST)";
				CODE_SIGN_STYLE = Automatic;
				INFOPLIST_FILE = "TestRAC+NSNotificationTests/Info.plist";
				LD_RUNPATH_SEARCH_PATHS = (
					"$(inherited)",
					"@executable_path/Frameworks",
					"@loader_path/Frameworks",
				);
				PRODUCT_BUNDLE_IDENTIFIER = "ys.TestRAC-NSNotificationTests";
				PRODUCT_NAME = "$(TARGET_NAME)";
				TARGETED_DEVICE_FAMILY = "1,2";
				TEST_HOST = "$(BUILT_PRODUCTS_DIR)/TestRAC+NSNotification.app/TestRAC+NSNotification";
			};
			name = Release;
		};
		5A528F75214131960095208F /* Debug */ = {
			isa = XCBuildConfiguration;
			buildSettings = {
				CODE_SIGN_STYLE = Automatic;
				INFOPLIST_FILE = "TestRAC+NSNotificationUITests/Info.plist";
				LD_RUNPATH_SEARCH_PATHS = (
					"$(inherited)",
					"@executable_path/Frameworks",
					"@loader_path/Frameworks",
				);
				PRODUCT_BUNDLE_IDENTIFIER = "ys.TestRAC-NSNotificationUITests";
				PRODUCT_NAME = "$(TARGET_NAME)";
				TARGETED_DEVICE_FAMILY = "1,2";
				TEST_TARGET_NAME = "TestRAC+NSNotification";
			};
			name = Debug;
		};
		5A528F76214131960095208F /* Release */ = {
			isa = XCBuildConfiguration;
			buildSettings = {
				CODE_SIGN_STYLE = Automatic;
				INFOPLIST_FILE = "TestRAC+NSNotificationUITests/Info.plist";
				LD_RUNPATH_SEARCH_PATHS = (
					"$(inherited)",
					"@executable_path/Frameworks",
					"@loader_path/Frameworks",
				);
				PRODUCT_BUNDLE_IDENTIFIER = "ys.TestRAC-NSNotificationUITests";
				PRODUCT_NAME = "$(TARGET_NAME)";
				TARGETED_DEVICE_FAMILY = "1,2";
				TEST_TARGET_NAME = "TestRAC+NSNotification";
			};
			name = Release;
		};
/* End XCBuildConfiguration section */

/* Begin XCConfigurationList section */
		5A528F3D214131950095208F /* Build configuration list for PBXProject "TestRAC+NSNotification" */ = {
			isa = XCConfigurationList;
			buildConfigurations = (
				5A528F6C214131960095208F /* Debug */,
				5A528F6D214131960095208F /* Release */,
			);
			defaultConfigurationIsVisible = 0;
			defaultConfigurationName = Release;
		};
		5A528F6E214131960095208F /* Build configuration list for PBXNativeTarget "TestRAC+NSNotification" */ = {
			isa = XCConfigurationList;
			buildConfigurations = (
				5A528F6F214131960095208F /* Debug */,
				5A528F70214131960095208F /* Release */,
			);
			defaultConfigurationIsVisible = 0;
			defaultConfigurationName = Release;
		};
		5A528F71214131960095208F /* Build configuration list for PBXNativeTarget "TestRAC+NSNotificationTests" */ = {
			isa = XCConfigurationList;
			buildConfigurations = (
				5A528F72214131960095208F /* Debug */,
				5A528F73214131960095208F /* Release */,
			);
			defaultConfigurationIsVisible = 0;
			defaultConfigurationName = Release;
		};
		5A528F74214131960095208F /* Build configuration list for PBXNativeTarget "TestRAC+NSNotificationUITests" */ = {
			isa = XCConfigurationList;
			buildConfigurations = (
				5A528F75214131960095208F /* Debug */,
				5A528F76214131960095208F /* Release */,
			);
			defaultConfigurationIsVisible = 0;
			defaultConfigurationName = Release;
		};
/* End XCConfigurationList section */
	};
	rootObject = 5A528F3A214131950095208F /* Project object */;
}
